
Microsoft Visual Studio Solution File, Format Version 12.00
# Visual Studio Version 17
VisualStudioVersion = 17.0.32112.339
MinimumVisualStudioVersion = 10.0.40219.1
Project("{FAE04EC0-301F-11D3-BF4B-00C04F79EFBC}") = "RestauranteApp", "RestauranteApp.csproj", "{4570228A-3719-4A53-9911-667B49EB14AF}"
EndProject
Project("{2150E333-8FDC-42A3-9474-1A3956D46DE8}") = "Solution Items", "Solution Items", "{8C659D48-5173-4249-BAF3-B4BA89064FDE}"
EndProject
Global
	GlobalSection(SolutionConfigurationPlatforms) = preSolution
		Debug|Any CPU = Debug|Any CPU
		Release|Any CPU = Release|Any CPU
	EndGlobalSection
	GlobalSection(ProjectConfigurationPlatforms) = postSolution
		{4570228A-3719-4A53-9911-667B49EB14AF}.Debug|Any CPU.ActiveCfg = Debug|Any CPU
		{4570228A-3719-4A53-9911-667B49EB14AF}.Debug|Any CPU.Build.0 = Debug|Any CPU
		{4570228A-3719-4A53-9911-667B49EB14AF}.Release|Any CPU.ActiveCfg = Release|Any CPU
		{4570228A-3719-4A53-9911-667B49EB14AF}.Release|Any CPU.Build.0 = Release|Any CPU
	EndGlobalSection
	GlobalSection(SolutionProperties) = preSolution
		HideSolutionNode = FALSE
	EndGlobalSection
	GlobalSection(ExtensibilityGlobals) = postSolution
		SolutionGuid = {C76575BA-7807-45CA-8993-5CEF42506294}
	EndGlobalSection
EndGlobal
